// !$*UTF8*$!
{
	archiveVersion = 1;
	classes = {
	};
	objectVersion = 50;
	objects = {

/* Begin PBXBuildFile section */
		638AF3DD246D3D60000C887E /* AppDelegate.swift in Sources */ = {isa = PBXBuildFile; fileRef = 638AF3DC246D3D60000C887E /* AppDelegate.swift */; };
		638AF3DF246D3D60000C887E /* SceneDelegate.swift in Sources */ = {isa = PBXBuildFile; fileRef = 638AF3DE246D3D60000C887E /* SceneDelegate.swift */; };
		638AF3E1246D3D60000C887E /* ViewController.swift in Sources */ = {isa = PBXBuildFile; fileRef = 638AF3E0246D3D60000C887E /* ViewController.swift */; };
		638AF3E4246D3D60000C887E /* Main.storyboard in Resources */ = {isa = PBXBuildFile; fileRef = 638AF3E2246D3D60000C887E /* Main.storyboard */; };
		638AF3E6246D3D61000C887E /* Assets.xcassets in Resources */ = {isa = PBXBuildFile; fileRef = 638AF3E5246D3D61000C887E /* Assets.xcassets */; };
		638AF3E9246D3D61000C887E /* LaunchScreen.storyboard in Resources */ = {isa = PBXBuildFile; fileRef = 638AF3E7246D3D61000C887E /* LaunchScreen.storyboard */; };
		638AF3F4246D3D61000C887E /* PhotoMasterTests.swift in Sources */ = {isa = PBXBuildFile; fileRef = 638AF3F3246D3D61000C887E /* PhotoMasterTests.swift */; };
		638AF3FF246D3D61000C887E /* PhotoMasterUITests.swift in Sources */ = {isa = PBXBuildFile; fileRef = 638AF3FE246D3D61000C887E /* PhotoMasterUITests.swift */; };
/* End PBXBuildFile section */

/* Begin PBXContainerItemProxy section */
		638AF3F0246D3D61000C887E /* PBXContainerItemProxy */ = {
			isa = PBXContainerItemProxy;
			containerPortal = 638AF3D1246D3D60000C887E /* Project object */;
			proxyType = 1;
			remoteGlobalIDString = 638AF3D8246D3D60000C887E;
			remoteInfo = PhotoMaster;
		};
		638AF3FB246D3D61000C887E /* PBXContainerItemProxy */ = {
			isa = PBXContainerItemProxy;
			containerPortal = 638AF3D1246D3D60000C887E /* Project object */;
			proxyType = 1;
			remoteGlobalIDString = 638AF3D8246D3D60000C887E;
			remoteInfo = PhotoMaster;
		};
/* End PBXContainerItemProxy section */

/* Begin PBXFileReference section */
		638AF3D9246D3D60000C887E /* PhotoMaster.app */ = {isa = PBXFileReference; explicitFileType = wrapper.application; includeInIndex = 0; path = PhotoMaster.app; sourceTree = BUILT_PRODUCTS_DIR; };
		638AF3DC246D3D60000C887E /* AppDelegate.swift */ = {isa = PBXFileReference; lastKnownFileType = sourcecode.swift; path = AppDelegate.swift; sourceTree = "<group>"; };
		638AF3DE246D3D60000C887E /* SceneDelegate.swift */ = {isa = PBXFileReference; lastKnownFileType = sourcecode.swift; path = SceneDelegate.swift; sourceTree = "<group>"; };
		638AF3E0246D3D60000C887E /* ViewController.swift */ = {isa = PBXFileReference; lastKnownFileType = sourcecode.swift; path = ViewController.swift; sourceTree = "<group>"; };
		638AF3E3246D3D60000C887E /* Base */ = {isa = PBXFileReference; lastKnownFileType = file.storyboard; name = Base; path = Base.lproj/Main.storyboard; sourceTree = "<group>"; };
		638AF3E5246D3D61000C887E /* Assets.xcassets */ = {isa = PBXFileReference; lastKnownFileType = folder.assetcatalog; path = Assets.xcassets; sourceTree = "<group>"; };
		638AF3E8246D3D61000C887E /* Base */ = {isa = PBXFileReference; lastKnownFileType = file.storyboard; name = Base; path = Base.lproj/LaunchScreen.storyboard; sourceTree = "<group>"; };
		638AF3EA246D3D61000C887E /* Info.plist */ = {isa = PBXFileReference; lastKnownFileType = text.plist.xml; path = Info.plist; sourceTree = "<group>"; };
		638AF3EF246D3D61000C887E /* PhotoMasterTests.xctest */ = {isa = PBXFileReference; explicitFileType = wrapper.cfbundle; includeInIndex = 0; path = PhotoMasterTests.xctest; sourceTree = BUILT_PRODUCTS_DIR; };
		638AF3F3246D3D61000C887E /* PhotoMasterTests.swift */ = {isa = PBXFileReference; lastKnownFileType = sourcecode.swift; path = PhotoMasterTests.swift; sourceTree = "<group>"; };
		638AF3F5246D3D61000C887E /* Info.plist */ = {isa = PBXFileReference; lastKnownFileType = text.plist.xml; path = Info.plist; sourceTree = "<group>"; };
		638AF3FA246D3D61000C887E /* PhotoMasterUITests.xctest */ = {isa = PBXFileReference; explicitFileType = wrapper.cfbundle; includeInIndex = 0; path = PhotoMasterUITests.xctest; sourceTree = BUILT_PRODUCTS_DIR; };
		638AF3FE246D3D61000C887E /* PhotoMasterUITests.swift */ = {isa = PBXFileReference; lastKnownFileType = sourcecode.swift; path = PhotoMasterUITests.swift; sourceTree = "<group>"; };
		638AF400246D3D61000C887E /* Info.plist */ = {isa = PBXFileReference; lastKnownFileType = text.plist.xml; path = Info.plist; sourceTree = "<group>"; };
/* End PBXFileReference section */

/* Begin PBXFrameworksBuildPhase section */
		638AF3D6246D3D60000C887E /* Frameworks */ = {
			isa = PBXFrameworksBuildPhase;
			buildActionMask = 2147483647;
			files = (
			);
			runOnlyForDeploymentPostprocessing = 0;
		};
		638AF3EC246D3D61000C887E /* Frameworks */ = {
			isa = PBXFrameworksBuildPhase;
			buildActionMask = 2147483647;
			files = (
			);
			runOnlyForDeploymentPostprocessing = 0;
		};
		638AF3F7246D3D61000C887E /* Frameworks */ = {
			isa = PBXFrameworksBuildPhase;
			buildActionMask = 2147483647;
			files = (
			);
			runOnlyForDeploymentPostprocessing = 0;
		};
/* End PBXFrameworksBuildPhase section */

/* Begin PBXGroup section */
		638AF3D0246D3D60000C887E = {
			isa = PBXGroup;
			children = (
				638AF3DB246D3D60000C887E /* PhotoMaster */,
				638AF3F2246D3D61000C887E /* PhotoMasterTests */,
				638AF3FD246D3D61000C887E /* PhotoMasterUITests */,
				638AF3DA246D3D60000C887E /* Products */,
			);
			sourceTree = "<group>";
		};
		638AF3DA246D3D60000C887E /* Products */ = {
			isa = PBXGroup;
			children = (
				638AF3D9246D3D60000C887E /* PhotoMaster.app */,
				638AF3EF246D3D61000C887E /* PhotoMasterTests.xctest */,
				638AF3FA246D3D61000C887E /* PhotoMasterUITests.xctest */,
			);
			name = Products;
			sourceTree = "<group>";
		};
		638AF3DB246D3D60000C887E /* PhotoMaster */ = {
			isa = PBXGroup;
			children = (
				638AF3DC246D3D60000C887E /* AppDelegate.swift */,
				638AF3DE246D3D60000C887E /* SceneDelegate.swift */,
				638AF3E0246D3D60000C887E /* ViewController.swift */,
				638AF3E2246D3D60000C887E /* Main.storyboard */,
				638AF3E5246D3D61000C887E /* Assets.xcassets */,
				638AF3E7246D3D61000C887E /* LaunchScreen.storyboard */,
				638AF3EA246D3D61000C887E /* Info.plist */,
			);
			path = PhotoMaster;
			sourceTree = "<group>";
		};
		638AF3F2246D3D61000C887E /* PhotoMasterTests */ = {
			isa = PBXGroup;
			children = (
				638AF3F3246D3D61000C887E /* PhotoMasterTests.swift */,
				638AF3F5246D3D61000C887E /* Info.plist */,
			);
			path = PhotoMasterTests;
			sourceTree = "<group>";
		};
		638AF3FD246D3D61000C887E /* PhotoMasterUITests */ = {
			isa = PBXGroup;
			children = (
				638AF3FE246D3D61000C887E /* PhotoMasterUITests.swift */,
				638AF400246D3D61000C887E /* Info.plist */,
			);
			path = PhotoMasterUITests;
			sourceTree = "<group>";
		};
/* End PBXGroup section */

/* Begin PBXNativeTarget section */
		638AF3D8246D3D60000C887E /* PhotoMaster */ = {
			isa = PBXNativeTarget;
			buildConfigurationList = 638AF403246D3D61000C887E /* Build configuration list for PBXNativeTarget "PhotoMaster" */;
			buildPhases = (
				638AF3D5246D3D60000C887E /* Sources */,
				638AF3D6246D3D60000C887E /* Frameworks */,
				638AF3D7246D3D60000C887E /* Resources */,
			);
			buildRules = (
			);
			dependencies = (
			);
			name = PhotoMaster;
			productName = PhotoMaster;
			productReference = 638AF3D9246D3D60000C887E /* PhotoMaster.app */;
			productType = "com.apple.product-type.application";
		};
		638AF3EE246D3D61000C887E /* PhotoMasterTests */ = {
			isa = PBXNativeTarget;
			buildConfigurationList = 638AF406246D3D61000C887E /* Build configuration list for PBXNativeTarget "PhotoMasterTests" */;
			buildPhases = (
				638AF3EB246D3D61000C887E /* Sources */,
				638AF3EC246D3D61000C887E /* Frameworks */,
				638AF3ED246D3D61000C887E /* Resources */,
			);
			buildRules = (
			);
			dependencies = (
				638AF3F1246D3D61000C887E /* PBXTargetDependency */,
			);
			name = PhotoMasterTests;
			productName = PhotoMasterTests;
			productReference = 638AF3EF246D3D61000C887E /* PhotoMasterTests.xctest */;
			productType = "com.apple.product-type.bundle.unit-test";
		};
		638AF3F9246D3D61000C887E /* PhotoMasterUITests */ = {
			isa = PBXNativeTarget;
			buildConfigurationList = 638AF409246D3D61000C887E /* Build configuration list for PBXNativeTarget "PhotoMasterUITests" */;
			buildPhases = (
				638AF3F6246D3D61000C887E /* Sources */,
				638AF3F7246D3D61000C887E /* Frameworks */,
				638AF3F8246D3D61000C887E /* Resources */,
			);
			buildRules = (
			);
			dependencies = (
				638AF3FC246D3D61000C887E /* PBXTargetDependency */,
			);
			name = PhotoMasterUITests;
			productName = PhotoMasterUITests;
			productReference = 638AF3FA246D3D61000C887E /* PhotoMasterUITests.xctest */;
			productType = "com.apple.product-type.bundle.ui-testing";
		};
/* End PBXNativeTarget section */

/* Begin PBXProject section */
		638AF3D1246D3D60000C887E /* Project object */ = {
			isa = PBXProject;
			attributes = {
				LastSwiftUpdateCheck = 1140;
				LastUpgradeCheck = 1140;
				ORGANIZATIONNAME = maya;
				TargetAttributes = {
					638AF3D8246D3D60000C887E = {
						CreatedOnToolsVersion = 11.4.1;
					};
					638AF3EE246D3D61000C887E = {
						CreatedOnToolsVersion = 11.4.1;
						TestTargetID = 638AF3D8246D3D60000C887E;
					};
					638AF3F9246D3D61000C887E = {
						CreatedOnToolsVersion = 11.4.1;
						TestTargetID = 638AF3D8246D3D60000C887E;
					};
				};
			};
			buildConfigurationList = 638AF3D4246D3D60000C887E /* Build configuration list for PBXProject "PhotoMaster" */;
			compatibilityVersion = "Xcode 9.3";
			developmentRegion = en;
			hasScannedForEncodings = 0;
			knownRegions = (
				en,
				Base,
			);
			mainGroup = 638AF3D0246D3D60000C887E;
			productRefGroup = 638AF3DA246D3D60000C887E /* Products */;
			projectDirPath = "";
			projectRoot = "";
			targets = (
				638AF3D8246D3D60000C887E /* PhotoMaster */,
				638AF3EE246D3D61000C887E /* PhotoMasterTests */,
				638AF3F9246D3D61000C887E /* PhotoMasterUITests */,
			);
		};
/* End PBXProject section */

/* Begin PBXResourcesBuildPhase section */
		638AF3D7246D3D60000C887E /* Resources */ = {
			isa = PBXResourcesBuildPhase;
			buildActionMask = 2147483647;
			files = (
				638AF3E9246D3D61000C887E /* LaunchScreen.storyboard in Resources */,
				638AF3E6246D3D61000C887E /* Assets.xcassets in Resources */,
				638AF3E4246D3D60000C887E /* Main.storyboard in Resources */,
			);
			runOnlyForDeploymentPostprocessing = 0;
		};
		638AF3ED246D3D61000C887E /* Resources */ = {
			isa = PBXResourcesBuildPhase;
			buildActionMask = 2147483647;
			files = (
			);
			runOnlyForDeploymentPostprocessing = 0;
		};
		638AF3F8246D3D61000C887E /* Resources */ = {
			isa = PBXResourcesBuildPhase;
			buildActionMask = 2147483647;
			files = (
			);
			runOnlyForDeploymentPostprocessing = 0;
		};
/* End PBXResourcesBuildPhase section */

/* Begin PBXSourcesBuildPhase section */
		638AF3D5246D3D60000C887E /* Sources */ = {
			isa = PBXSourcesBuildPhase;
			buildActionMask = 2147483647;
			files = (
				638AF3E1246D3D60000C887E /* ViewController.swift in Sources */,
				638AF3DD246D3D60000C887E /* AppDelegate.swift in Sources */,
				638AF3DF246D3D60000C887E /* SceneDelegate.swift in Sources */,
			);
			runOnlyForDeploymentPostprocessing = 0;
		};
		638AF3EB246D3D61000C887E /* Sources */ = {
			isa = PBXSourcesBuildPhase;
			buildActionMask = 2147483647;
			files = (
				638AF3F4246D3D61000C887E /* PhotoMasterTests.swift in Sources */,
			);
			runOnlyForDeploymentPostprocessing = 0;
		};
		638AF3F6246D3D61000C887E /* Sources */ = {
			isa = PBXSourcesBuildPhase;
			buildActionMask = 2147483647;
			files = (
				638AF3FF246D3D61000C887E /* PhotoMasterUITests.swift in Sources */,
			);
			runOnlyForDeploymentPostprocessing = 0;
		};
/* End PBXSourcesBuildPhase section */

/* Begin PBXTargetDependency section */
		638AF3F1246D3D61000C887E /* PBXTargetDependency */ = {
			isa = PBXTargetDependency;
			target = 638AF3D8246D3D60000C887E /* PhotoMaster */;
			targetProxy = 638AF3F0246D3D61000C887E /* PBXContainerItemProxy */;
		};
		638AF3FC246D3D61000C887E /* PBXTargetDependency */ = {
			isa = PBXTargetDependency;
			target = 638AF3D8246D3D60000C887E /* PhotoMaster */;
			targetProxy = 638AF3FB246D3D61000C887E /* PBXContainerItemProxy */;
		};
/* End PBXTargetDependency section */

/* Begin PBXVariantGroup section */
		638AF3E2246D3D60000C887E /* Main.storyboard */ = {
			isa = PBXVariantGroup;
			children = (
				638AF3E3246D3D60000C887E /* Base */,
			);
			name = Main.storyboard;
			sourceTree = "<group>";
		};
		638AF3E7246D3D61000C887E /* LaunchScreen.storyboard */ = {
			isa = PBXVariantGroup;
			children = (
				638AF3E8246D3D61000C887E /* Base */,
			);
			name = LaunchScreen.storyboard;
			sourceTree = "<group>";
		};
/* End PBXVariantGroup section */

/* Begin XCBuildConfiguration section */
		638AF401246D3D61000C887E /* Debug */ = {
			isa = XCBuildConfiguration;
			buildSettings = {
				ALWAYS_SEARCH_USER_PATHS = NO;
				CLANG_ANALYZER_NONNULL = YES;
				CLANG_ANALYZER_NUMBER_OBJECT_CONVERSION = YES_AGGRESSIVE;
				CLANG_CXX_LANGUAGE_STANDARD = "gnu++14";
				CLANG_CXX_LIBRARY = "libc++";
				CLANG_ENABLE_MODULES = YES;
				CLANG_ENABLE_OBJC_ARC = YES;
				CLANG_ENABLE_OBJC_WEAK = YES;
				CLANG_WARN_BLOCK_CAPTURE_AUTORELEASING = YES;
				CLANG_WARN_BOOL_CONVERSION = YES;
				CLANG_WARN_COMMA = YES;
				CLANG_WARN_CONSTANT_CONVERSION = YES;
				CLANG_WARN_DEPRECATED_OBJC_IMPLEMENTATIONS = YES;
				CLANG_WARN_DIRECT_OBJC_ISA_USAGE = YES_ERROR;
				CLANG_WARN_DOCUMENTATION_COMMENTS = YES;
				CLANG_WARN_EMPTY_BODY = YES;
				CLANG_WARN_ENUM_CONVERSION = YES;
				CLANG_WARN_INFINITE_RECURSION = YES;
				CLANG_WARN_INT_CONVERSION = YES;
				CLANG_WARN_NON_LITERAL_NULL_CONVERSION = YES;
				CLANG_WARN_OBJC_IMPLICIT_RETAIN_SELF = YES;
				CLANG_WARN_OBJC_LITERAL_CONVERSION = YES;
				CLANG_WARN_OBJC_ROOT_CLASS = YES_ERROR;
				CLANG_WARN_RANGE_LOOP_ANALYSIS = YES;
				CLANG_WARN_STRICT_PROTOTYPES = YES;
				CLANG_WARN_SUSPICIOUS_MOVE = YES;
				CLANG_WARN_UNGUARDED_AVAILABILITY = YES_AGGRESSIVE;
				CLANG_WARN_UNREACHABLE_CODE = YES;
				CLANG_WARN__DUPLICATE_METHOD_MATCH = YES;
				COPY_PHASE_STRIP = NO;
				DEBUG_INFORMATION_FORMAT = dwarf;
				ENABLE_STRICT_OBJC_MSGSEND = YES;
				ENABLE_TESTABILITY = YES;
				GCC_C_LANGUAGE_STANDARD = gnu11;
				GCC_DYNAMIC_NO_PIC = NO;
				GCC_NO_COMMON_BLOCKS = YES;
				GCC_OPTIMIZATION_LEVEL = 0;
				GCC_PREPROCESSOR_DEFINITIONS = (
					"DEBUG=1",
					"$(inherited)",
				);
				GCC_WARN_64_TO_32_BIT_CONVERSION = YES;
				GCC_WARN_ABOUT_RETURN_TYPE = YES_ERROR;
				GCC_WARN_UNDECLARED_SELECTOR = YES;
				GCC_WARN_UNINITIALIZED_AUTOS = YES_AGGRESSIVE;
				GCC_WARN_UNUSED_FUNCTION = YES;
				GCC_WARN_UNUSED_VARIABLE = YES;
				IPHONEOS_DEPLOYMENT_TARGET = 13.4;
				MTL_ENABLE_DEBUG_INFO = INCLUDE_SOURCE;
				MTL_FAST_MATH = YES;
				ONLY_ACTIVE_ARCH = YES;
				SDKROOT = iphoneos;
				SWIFT_ACTIVE_COMPILATION_CONDITIONS = DEBUG;
				SWIFT_OPTIMIZATION_LEVEL = "-Onone";
			};
			name = Debug;
		};
		638AF402246D3D61000C887E /* Release */ = {
			isa = XCBuildConfiguration;
			buildSettings = {
				ALWAYS_SEARCH_USER_PATHS = NO;
				CLANG_ANALYZER_NONNULL = YES;
				CLANG_ANALYZER_NUMBER_OBJECT_CONVERSION = YES_AGGRESSIVE;
				CLANG_CXX_LANGUAGE_STANDARD = "gnu++14";
				CLANG_CXX_LIBRARY = "libc++";
				CLANG_ENABLE_MODULES = YES;
				CLANG_ENABLE_OBJC_ARC = YES;
				CLANG_ENABLE_OBJC_WEAK = YES;
				CLANG_WARN_BLOCK_CAPTURE_AUTORELEASING = YES;
				CLANG_WARN_BOOL_CONVERSION = YES;
				CLANG_WARN_COMMA = YES;
				CLANG_WARN_CONSTANT_CONVERSION = YES;
				CLANG_WARN_DEPRECATED_OBJC_IMPLEMENTATIONS = YES;
				CLANG_WARN_DIRECT_OBJC_ISA_USAGE = YES_ERROR;
				CLANG_WARN_DOCUMENTATION_COMMENTS = YES;
				CLANG_WARN_EMPTY_BODY = YES;
				CLANG_WARN_ENUM_CONVERSION = YES;
				CLANG_WARN_INFINITE_RECURSION = YES;
				CLANG_WARN_INT_CONVERSION = YES;
				CLANG_WARN_NON_LITERAL_NULL_CONVERSION = YES;
				CLANG_WARN_OBJC_IMPLICIT_RETAIN_SELF = YES;
				CLANG_WARN_OBJC_LITERAL_CONVERSION = YES;
				CLANG_WARN_OBJC_ROOT_CLASS = YES_ERROR;
				CLANG_WARN_RANGE_LOOP_ANALYSIS = YES;
				CLANG_WARN_STRICT_PROTOTYPES = YES;
				CLANG_WARN_SUSPICIOUS_MOVE = YES;
				CLANG_WARN_UNGUARDED_AVAILABILITY = YES_AGGRESSIVE;
				CLANG_WARN_UNREACHABLE_CODE = YES;
				CLANG_WARN__DUPLICATE_METHOD_MATCH = YES;
				COPY_PHASE_STRIP = NO;
				DEBUG_INFORMATION_FORMAT = "dwarf-with-dsym";
				ENABLE_NS_ASSERTIONS = NO;
				ENABLE_STRICT_OBJC_MSGSEND = YES;
				GCC_C_LANGUAGE_STANDARD = gnu11;
				GCC_NO_COMMON_BLOCKS = YES;
				GCC_WARN_64_TO_32_BIT_CONVERSION = YES;
				GCC_WARN_ABOUT_RETURN_TYPE = YES_ERROR;
				GCC_WARN_UNDECLARED_SELECTOR = YES;
				GCC_WARN_UNINITIALIZED_AUTOS = YES_AGGRESSIVE;
				GCC_WARN_UNUSED_FUNCTION = YES;
				GCC_WARN_UNUSED_VARIABLE = YES;
				IPHONEOS_DEPLOYMENT_TARGET = 13.4;
				MTL_ENABLE_DEBUG_INFO = NO;
				MTL_FAST_MATH = YES;
				SDKROOT = iphoneos;
				SWIFT_COMPILATION_MODE = wholemodule;
				SWIFT_OPTIMIZATION_LEVEL = "-O";
				VALIDATE_PRODUCT = YES;
			};
			name = Release;
		};
		638AF404246D3D61000C887E /* Debug */ = {
			isa = XCBuildConfiguration;
			buildSettings = {
				ASSETCATALOG_COMPILER_APPICON_NAME = AppIcon;
				CODE_SIGN_STYLE = Automatic;
				INFOPLIST_FILE = PhotoMaster/Info.plist;
				LD_RUNPATH_SEARCH_PATHS = (
					"$(inherited)",
					"@executable_path/Frameworks",
				);
				PRODUCT_BUNDLE_IDENTIFIER = maya.PhotoMaster;
				PRODUCT_NAME = "$(TARGET_NAME)";
				SWIFT_VERSION = 5.0;
				TARGETED_DEVICE_FAMILY = "1,2";
			};
			name = Debug;
		};
		638AF405246D3D61000C887E /* Release */ = {
			isa = XCBuildConfiguration;
			buildSettings = {
				ASSETCATALOG_COMPILER_APPICON_NAME = AppIcon;
				CODE_SIGN_STYLE = Automatic;
				INFOPLIST_FILE = PhotoMaster/Info.plist;
				LD_RUNPATH_SEARCH_PATHS = (
					"$(inherited)",
					"@executable_path/Frameworks",
				);
				PRODUCT_BUNDLE_IDENTIFIER = maya.PhotoMaster;
				PRODUCT_NAME = "$(TARGET_NAME)";
				SWIFT_VERSION = 5.0;
				TARGETED_DEVICE_FAMILY = "1,2";
			};
			name = Release;
		};
		638AF407246D3D61000C887E /* Debug */ = {
			isa = XCBuildConfiguration;
			buildSettings = {
				ALWAYS_EMBED_SWIFT_STANDARD_LIBRARIES = YES;
				BUNDLE_LOADER = "$(TEST_HOST)";
				CODE_SIGN_STYLE = Automatic;
				INFOPLIST_FILE = PhotoMasterTests/Info.plist;
				IPHONEOS_DEPLOYMENT_TARGET = 13.4;
				LD_RUNPATH_SEARCH_PATHS = (
					"$(inherited)",
					"@executable_path/Frameworks",
					"@loader_path/Frameworks",
				);
				PRODUCT_BUNDLE_IDENTIFIER = maya.PhotoMasterTests;
				PRODUCT_NAME = "$(TARGET_NAME)";
				SWIFT_VERSION = 5.0;
				TARGETED_DEVICE_FAMILY = "1,2";
				TEST_HOST = "$(BUILT_PRODUCTS_DIR)/PhotoMaster.app/PhotoMaster";
			};
			name = Debug;
		};
		638AF408246D3D61000C887E /* Release */ = {
			isa = XCBuildConfiguration;
			buildSettings = {
				ALWAYS_EMBED_SWIFT_STANDARD_LIBRARIES = YES;
				BUNDLE_LOADER = "$(TEST_HOST)";
				CODE_SIGN_STYLE = Automatic;
				INFOPLIST_FILE = PhotoMasterTests/Info.plist;
				IPHONEOS_DEPLOYMENT_TARGET = 13.4;
				LD_RUNPATH_SEARCH_PATHS = (
					"$(inherited)",
					"@executable_path/Frameworks",
					"@loader_path/Frameworks",
				);
				PRODUCT_BUNDLE_IDENTIFIER = maya.PhotoMasterTests;
				PRODUCT_NAME = "$(TARGET_NAME)";
				SWIFT_VERSION = 5.0;
				TARGETED_DEVICE_FAMILY = "1,2";
				TEST_HOST = "$(BUILT_PRODUCTS_DIR)/PhotoMaster.app/PhotoMaster";
			};
			name = Release;
		};
		638AF40A246D3D61000C887E /* Debug */ = {
			isa = XCBuildConfiguration;
			buildSettings = {
				ALWAYS_EMBED_SWIFT_STANDARD_LIBRARIES = YES;
				CODE_SIGN_STYLE = Automatic;
				INFOPLIST_FILE = PhotoMasterUITests/Info.plist;
				LD_RUNPATH_SEARCH_PATHS = (
					"$(inherited)",
					"@executable_path/Frameworks",
					"@loader_path/Frameworks",
				);
				PRODUCT_BUNDLE_IDENTIFIER = maya.PhotoMasterUITests;
				PRODUCT_NAME = "$(TARGET_NAME)";
				SWIFT_VERSION = 5.0;
				TARGETED_DEVICE_FAMILY = "1,2";
				TEST_TARGET_NAME = PhotoMaster;
			};
			name = Debug;
		};
		638AF40B246D3D61000C887E /* Release */ = {
			isa = XCBuildConfiguration;
			buildSettings = {
				ALWAYS_EMBED_SWIFT_STANDARD_LIBRARIES = YES;
				CODE_SIGN_STYLE = Automatic;
				INFOPLIST_FILE = PhotoMasterUITests/Info.plist;
				LD_RUNPATH_SEARCH_PATHS = (
					"$(inherited)",
					"@executable_path/Frameworks",
					"@loader_path/Frameworks",
				);
				PRODUCT_BUNDLE_IDENTIFIER = maya.PhotoMasterUITests;
				PRODUCT_NAME = "$(TARGET_NAME)";
				SWIFT_VERSION = 5.0;
				TARGETED_DEVICE_FAMILY = "1,2";
				TEST_TARGET_NAME = PhotoMaster;
			};
			name = Release;
		};
/* End XCBuildConfiguration section */

/* Begin XCConfigurationList section */
		638AF3D4246D3D60000C887E /* Build configuration list for PBXProject "PhotoMaster" */ = {
			isa = XCConfigurationList;
			buildConfigurations = (
				638AF401246D3D61000C887E /* Debug */,
				638AF402246D3D61000C887E /* Release */,
			);
			defaultConfigurationIsVisible = 0;
			defaultConfigurationName = Release;
		};
		638AF403246D3D61000C887E /* Build configuration list for PBXNativeTarget "PhotoMaster" */ = {
			isa = XCConfigurationList;
			buildConfigurations = (
				638AF404246D3D61000C887E /* Debug */,
				638AF405246D3D61000C887E /* Release */,
			);
			defaultConfigurationIsVisible = 0;
			defaultConfigurationName = Release;
		};
		638AF406246D3D61000C887E /* Build configuration list for PBXNativeTarget "PhotoMasterTests" */ = {
			isa = XCConfigurationList;
			buildConfigurations = (
				638AF407246D3D61000C887E /* Debug */,
				638AF408246D3D61000C887E /* Release */,
			);
			defaultConfigurationIsVisible = 0;
			defaultConfigurationName = Release;
		};
		638AF409246D3D61000C887E /* Build configuration list for PBXNativeTarget "PhotoMasterUITests" */ = {
			isa = XCConfigurationList;
			buildConfigurations = (
				638AF40A246D3D61000C887E /* Debug */,
				638AF40B246D3D61000C887E /* Release */,
			);
			defaultConfigurationIsVisible = 0;
			defaultConfigurationName = Release;
		};
/* End XCConfigurationList section */
	};
	rootObject = 638AF3D1246D3D60000C887E /* Project object */;
}
